// !$*UTF8*$!
{
	archiveVersion = 1;
	classes = {
	};
	objectVersion = 48;
	objects = {

/* Begin PBXBuildFile section */
		33704D0C20456BF100CAF07C /* AppDelegate.swift in Sources */ = {isa = PBXBuildFile; fileRef = 33704D0B20456BF100CAF07C /* AppDelegate.swift */; };
		33704D1320456BF100CAF07C /* Assets.xcassets in Resources */ = {isa = PBXBuildFile; fileRef = 33704D1220456BF100CAF07C /* Assets.xcassets */; };
		33704D1620456BF100CAF07C /* LaunchScreen.storyboard in Resources */ = {isa = PBXBuildFile; fileRef = 33704D1420456BF100CAF07C /* LaunchScreen.storyboard */; };
		33704D1E20456C0F00CAF07C /* ExampleFlow.swift in Sources */ = {isa = PBXBuildFile; fileRef = 33704D1D20456C0F00CAF07C /* ExampleFlow.swift */; };
		33704D2320456CFC00CAF07C /* CurrencyViewController.swift in Sources */ = {isa = PBXBuildFile; fileRef = 33704D2120456CFC00CAF07C /* CurrencyViewController.swift */; };
		33704D2420456CFC00CAF07C /* CurrencyViewController.xib in Resources */ = {isa = PBXBuildFile; fileRef = 33704D2220456CFC00CAF07C /* CurrencyViewController.xib */; };
		33704D2620456D6100CAF07C /* CurrencyWireframe.swift in Sources */ = {isa = PBXBuildFile; fileRef = 33704D2520456D6100CAF07C /* CurrencyWireframe.swift */; };
		33704D2820456D8200CAF07C /* Step.swift in Sources */ = {isa = PBXBuildFile; fileRef = 33704D2720456D8200CAF07C /* Step.swift */; };
		33704D2B20456FEF00CAF07C /* TextViewController.swift in Sources */ = {isa = PBXBuildFile; fileRef = 33704D2920456FEF00CAF07C /* TextViewController.swift */; };
		33704D2C20456FEF00CAF07C /* TextViewController.xib in Resources */ = {isa = PBXBuildFile; fileRef = 33704D2A20456FEF00CAF07C /* TextViewController.xib */; };
		33704D2E2045710300CAF07C /* TextWireframe.swift in Sources */ = {isa = PBXBuildFile; fileRef = 33704D2D2045710300CAF07C /* TextWireframe.swift */; };
		33704D3220458BC500CAF07C /* ReviewViewController.swift in Sources */ = {isa = PBXBuildFile; fileRef = 33704D3020458BC500CAF07C /* ReviewViewController.swift */; };
		33704D3320458BC500CAF07C /* ReviewViewController.xib in Resources */ = {isa = PBXBuildFile; fileRef = 33704D3120458BC500CAF07C /* ReviewViewController.xib */; };
		33704D3520458BF300CAF07C /* ReviewWireframe.swift in Sources */ = {isa = PBXBuildFile; fileRef = 33704D3420458BF300CAF07C /* ReviewWireframe.swift */; };
		33704D3720458DCA00CAF07C /* UINavigationController+Push.swift in Sources */ = {isa = PBXBuildFile; fileRef = 33704D3620458DCA00CAF07C /* UINavigationController+Push.swift */; };
		33704D3A2045900C00CAF07C /* LaunchViewController.swift in Sources */ = {isa = PBXBuildFile; fileRef = 33704D382045900C00CAF07C /* LaunchViewController.swift */; };
		33704D3B2045900C00CAF07C /* LaunchViewController.xib in Resources */ = {isa = PBXBuildFile; fileRef = 33704D392045900C00CAF07C /* LaunchViewController.xib */; };
/* End PBXBuildFile section */

/* Begin PBXFileReference section */
		33704D0820456BF100CAF07C /* StepExample.app */ = {isa = PBXFileReference; explicitFileType = wrapper.application; includeInIndex = 0; path = StepExample.app; sourceTree = BUILT_PRODUCTS_DIR; };
		33704D0B20456BF100CAF07C /* AppDelegate.swift */ = {isa = PBXFileReference; lastKnownFileType = sourcecode.swift; path = AppDelegate.swift; sourceTree = "<group>"; };
		33704D1220456BF100CAF07C /* Assets.xcassets */ = {isa = PBXFileReference; lastKnownFileType = folder.assetcatalog; path = Assets.xcassets; sourceTree = "<group>"; };
		33704D1520456BF100CAF07C /* Base */ = {isa = PBXFileReference; lastKnownFileType = file.storyboard; name = Base; path = Base.lproj/LaunchScreen.storyboard; sourceTree = "<group>"; };
		33704D1720456BF100CAF07C /* Info.plist */ = {isa = PBXFileReference; lastKnownFileType = text.plist.xml; path = Info.plist; sourceTree = "<group>"; };
		33704D1D20456C0F00CAF07C /* ExampleFlow.swift */ = {isa = PBXFileReference; lastKnownFileType = sourcecode.swift; path = ExampleFlow.swift; sourceTree = "<group>"; };
		33704D2120456CFC00CAF07C /* CurrencyViewController.swift */ = {isa = PBXFileReference; lastKnownFileType = sourcecode.swift; path = CurrencyViewController.swift; sourceTree = "<group>"; };
		33704D2220456CFC00CAF07C /* CurrencyViewController.xib */ = {isa = PBXFileReference; lastKnownFileType = file.xib; path = CurrencyViewController.xib; sourceTree = "<group>"; };
		33704D2520456D6100CAF07C /* CurrencyWireframe.swift */ = {isa = PBXFileReference; lastKnownFileType = sourcecode.swift; path = CurrencyWireframe.swift; sourceTree = "<group>"; };
		33704D2720456D8200CAF07C /* Step.swift */ = {isa = PBXFileReference; lastKnownFileType = sourcecode.swift; path = Step.swift; sourceTree = "<group>"; };
		33704D2920456FEF00CAF07C /* TextViewController.swift */ = {isa = PBXFileReference; lastKnownFileType = sourcecode.swift; path = TextViewController.swift; sourceTree = "<group>"; };
		33704D2A20456FEF00CAF07C /* TextViewController.xib */ = {isa = PBXFileReference; lastKnownFileType = file.xib; path = TextViewController.xib; sourceTree = "<group>"; };
		33704D2D2045710300CAF07C /* TextWireframe.swift */ = {isa = PBXFileReference; lastKnownFileType = sourcecode.swift; path = TextWireframe.swift; sourceTree = "<group>"; };
		33704D3020458BC500CAF07C /* ReviewViewController.swift */ = {isa = PBXFileReference; lastKnownFileType = sourcecode.swift; path = ReviewViewController.swift; sourceTree = "<group>"; };
		33704D3120458BC500CAF07C /* ReviewViewController.xib */ = {isa = PBXFileReference; lastKnownFileType = file.xib; path = ReviewViewController.xib; sourceTree = "<group>"; };
		33704D3420458BF300CAF07C /* ReviewWireframe.swift */ = {isa = PBXFileReference; lastKnownFileType = sourcecode.swift; path = ReviewWireframe.swift; sourceTree = "<group>"; };
		33704D3620458DCA00CAF07C /* UINavigationController+Push.swift */ = {isa = PBXFileReference; lastKnownFileType = sourcecode.swift; path = "UINavigationController+Push.swift"; sourceTree = "<group>"; };
		33704D382045900C00CAF07C /* LaunchViewController.swift */ = {isa = PBXFileReference; lastKnownFileType = sourcecode.swift; path = LaunchViewController.swift; sourceTree = "<group>"; };
		33704D392045900C00CAF07C /* LaunchViewController.xib */ = {isa = PBXFileReference; lastKnownFileType = file.xib; path = LaunchViewController.xib; sourceTree = "<group>"; };
/* End PBXFileReference section */

/* Begin PBXFrameworksBuildPhase section */
		33704D0520456BF100CAF07C /* Frameworks */ = {
			isa = PBXFrameworksBuildPhase;
			buildActionMask = 2147483647;
			files = (
			);
			runOnlyForDeploymentPostprocessing = 0;
		};
/* End PBXFrameworksBuildPhase section */

/* Begin PBXGroup section */
		33704CFF20456BF100CAF07C = {
			isa = PBXGroup;
			children = (
				33704D0A20456BF100CAF07C /* StepExample */,
				33704D0920456BF100CAF07C /* Products */,
			);
			sourceTree = "<group>";
		};
		33704D0920456BF100CAF07C /* Products */ = {
			isa = PBXGroup;
			children = (
				33704D0820456BF100CAF07C /* StepExample.app */,
			);
			name = Products;
			sourceTree = "<group>";
		};
		33704D0A20456BF100CAF07C /* StepExample */ = {
			isa = PBXGroup;
			children = (
				33704D2F20458BA600CAF07C /* Review */,
				33704D2020456CEA00CAF07C /* Currency */,
				33704D1F20456CEA00CAF07C /* Text */,
				33704D0B20456BF100CAF07C /* AppDelegate.swift */,
				33704D1220456BF100CAF07C /* Assets.xcassets */,
				33704D1420456BF100CAF07C /* LaunchScreen.storyboard */,
				33704D1720456BF100CAF07C /* Info.plist */,
				33704D1D20456C0F00CAF07C /* ExampleFlow.swift */,
				33704D2720456D8200CAF07C /* Step.swift */,
				33704D3620458DCA00CAF07C /* UINavigationController+Push.swift */,
				33704D382045900C00CAF07C /* LaunchViewController.swift */,
				33704D392045900C00CAF07C /* LaunchViewController.xib */,
			);
			path = StepExample;
			sourceTree = "<group>";
		};
		33704D1F20456CEA00CAF07C /* Text */ = {
			isa = PBXGroup;
			children = (
				33704D2920456FEF00CAF07C /* TextViewController.swift */,
				33704D2A20456FEF00CAF07C /* TextViewController.xib */,
				33704D2D2045710300CAF07C /* TextWireframe.swift */,
			);
			path = Text;
			sourceTree = "<group>";
		};
		33704D2020456CEA00CAF07C /* Currency */ = {
			isa = PBXGroup;
			children = (
				33704D2120456CFC00CAF07C /* CurrencyViewController.swift */,
				33704D2220456CFC00CAF07C /* CurrencyViewController.xib */,
				33704D2520456D6100CAF07C /* CurrencyWireframe.swift */,
			);
			path = Currency;
			sourceTree = "<group>";
		};
		33704D2F20458BA600CAF07C /* Review */ = {
			isa = PBXGroup;
			children = (
				33704D3020458BC500CAF07C /* ReviewViewController.swift */,
				33704D3120458BC500CAF07C /* ReviewViewController.xib */,
				33704D3420458BF300CAF07C /* ReviewWireframe.swift */,
			);
			path = Review;
			sourceTree = "<group>";
		};
/* End PBXGroup section */

/* Begin PBXNativeTarget section */
		33704D0720456BF100CAF07C /* StepExample */ = {
			isa = PBXNativeTarget;
			buildConfigurationList = 33704D1A20456BF100CAF07C /* Build configuration list for PBXNativeTarget "StepExample" */;
			buildPhases = (
				33704D0420456BF100CAF07C /* Sources */,
				33704D0520456BF100CAF07C /* Frameworks */,
				33704D0620456BF100CAF07C /* Resources */,
			);
			buildRules = (
			);
			dependencies = (
			);
			name = StepExample;
			productName = StepExample;
			productReference = 33704D0820456BF100CAF07C /* StepExample.app */;
			productType = "com.apple.product-type.application";
		};
/* End PBXNativeTarget section */

/* Begin PBXProject section */
		33704D0020456BF100CAF07C /* Project object */ = {
			isa = PBXProject;
			attributes = {
				LastSwiftUpdateCheck = 0920;
				LastUpgradeCheck = 0920;
				TargetAttributes = {
					33704D0720456BF100CAF07C = {
						CreatedOnToolsVersion = 9.2;
						ProvisioningStyle = Automatic;
					};
				};
			};
			buildConfigurationList = 33704D0320456BF100CAF07C /* Build configuration list for PBXProject "StepExample" */;
			compatibilityVersion = "Xcode 8.0";
			developmentRegion = en;
			hasScannedForEncodings = 0;
			knownRegions = (
				en,
				Base,
			);
			mainGroup = 33704CFF20456BF100CAF07C;
			productRefGroup = 33704D0920456BF100CAF07C /* Products */;
			projectDirPath = "";
			projectRoot = "";
			targets = (
				33704D0720456BF100CAF07C /* StepExample */,
			);
		};
/* End PBXProject section */

/* Begin PBXResourcesBuildPhase section */
		33704D0620456BF100CAF07C /* Resources */ = {
			isa = PBXResourcesBuildPhase;
			buildActionMask = 2147483647;
			files = (
				33704D2420456CFC00CAF07C /* CurrencyViewController.xib in Resources */,
				33704D1620456BF100CAF07C /* LaunchScreen.storyboard in Resources */,
				33704D3320458BC500CAF07C /* ReviewViewController.xib in Resources */,
				33704D3B2045900C00CAF07C /* LaunchViewController.xib in Resources */,
				33704D1320456BF100CAF07C /* Assets.xcassets in Resources */,
				33704D2C20456FEF00CAF07C /* TextViewController.xib in Resources */,
			);
			runOnlyForDeploymentPostprocessing = 0;
		};
/* End PBXResourcesBuildPhase section */

/* Begin PBXSourcesBuildPhase section */
		33704D0420456BF100CAF07C /* Sources */ = {
			isa = PBXSourcesBuildPhase;
			buildActionMask = 2147483647;
			files = (
				33704D2E2045710300CAF07C /* TextWireframe.swift in Sources */,
				33704D3520458BF300CAF07C /* ReviewWireframe.swift in Sources */,
				33704D1E20456C0F00CAF07C /* ExampleFlow.swift in Sources */,
				33704D3720458DCA00CAF07C /* UINavigationController+Push.swift in Sources */,
				33704D2320456CFC00CAF07C /* CurrencyViewController.swift in Sources */,
				33704D2820456D8200CAF07C /* Step.swift in Sources */,
				33704D0C20456BF100CAF07C /* AppDelegate.swift in Sources */,
				33704D2620456D6100CAF07C /* CurrencyWireframe.swift in Sources */,
				33704D3A2045900C00CAF07C /* LaunchViewController.swift in Sources */,
				33704D3220458BC500CAF07C /* ReviewViewController.swift in Sources */,
				33704D2B20456FEF00CAF07C /* TextViewController.swift in Sources */,
			);
			runOnlyForDeploymentPostprocessing = 0;
		};
/* End PBXSourcesBuildPhase section */

/* Begin PBXVariantGroup section */
		33704D1420456BF100CAF07C /* LaunchScreen.storyboard */ = {
			isa = PBXVariantGroup;
			children = (
				33704D1520456BF100CAF07C /* Base */,
			);
			name = LaunchScreen.storyboard;
			sourceTree = "<group>";
		};
/* End PBXVariantGroup section */

/* Begin XCBuildConfiguration section */
		33704D1820456BF100CAF07C /* Debug */ = {
			isa = XCBuildConfiguration;
			buildSettings = {
				ALWAYS_SEARCH_USER_PATHS = NO;
				CLANG_ANALYZER_NONNULL = YES;
				CLANG_ANALYZER_NUMBER_OBJECT_CONVERSION = YES_AGGRESSIVE;
				CLANG_CXX_LANGUAGE_STANDARD = "gnu++14";
				CLANG_CXX_LIBRARY = "libc++";
				CLANG_ENABLE_MODULES = YES;
				CLANG_ENABLE_OBJC_ARC = YES;
				CLANG_WARN_BLOCK_CAPTURE_AUTORELEASING = YES;
				CLANG_WARN_BOOL_CONVERSION = YES;
				CLANG_WARN_COMMA = YES;
				CLANG_WARN_CONSTANT_CONVERSION = YES;
				CLANG_WARN_DIRECT_OBJC_ISA_USAGE = YES_ERROR;
				CLANG_WARN_DOCUMENTATION_COMMENTS = YES;
				CLANG_WARN_EMPTY_BODY = YES;
				CLANG_WARN_ENUM_CONVERSION = YES;
				CLANG_WARN_INFINITE_RECURSION = YES;
				CLANG_WARN_INT_CONVERSION = YES;
				CLANG_WARN_NON_LITERAL_NULL_CONVERSION = YES;
				CLANG_WARN_OBJC_LITERAL_CONVERSION = YES;
				CLANG_WARN_OBJC_ROOT_CLASS = YES_ERROR;
				CLANG_WARN_RANGE_LOOP_ANALYSIS = YES;
				CLANG_WARN_STRICT_PROTOTYPES = YES;
				CLANG_WARN_SUSPICIOUS_MOVE = YES;
				CLANG_WARN_UNGUARDED_AVAILABILITY = YES_AGGRESSIVE;
				CLANG_WARN_UNREACHABLE_CODE = YES;
				CLANG_WARN__DUPLICATE_METHOD_MATCH = YES;
				CODE_SIGN_IDENTITY = "iPhone Developer";
				COPY_PHASE_STRIP = NO;
				DEBUG_INFORMATION_FORMAT = dwarf;
				ENABLE_STRICT_OBJC_MSGSEND = YES;
				ENABLE_TESTABILITY = YES;
				GCC_C_LANGUAGE_STANDARD = gnu11;
				GCC_DYNAMIC_NO_PIC = NO;
				GCC_NO_COMMON_BLOCKS = YES;
				GCC_OPTIMIZATION_LEVEL = 0;
				GCC_PREPROCESSOR_DEFINITIONS = (
					"DEBUG=1",
					"$(inherited)",
				);
				GCC_WARN_64_TO_32_BIT_CONVERSION = YES;
				GCC_WARN_ABOUT_RETURN_TYPE = YES_ERROR;
				GCC_WARN_UNDECLARED_SELECTOR = YES;
				GCC_WARN_UNINITIALIZED_AUTOS = YES_AGGRESSIVE;
				GCC_WARN_UNUSED_FUNCTION = YES;
				GCC_WARN_UNUSED_VARIABLE = YES;
				IPHONEOS_DEPLOYMENT_TARGET = 11.2;
				MTL_ENABLE_DEBUG_INFO = YES;
				ONLY_ACTIVE_ARCH = YES;
				SDKROOT = iphoneos;
				SWIFT_ACTIVE_COMPILATION_CONDITIONS = DEBUG;
				SWIFT_OPTIMIZATION_LEVEL = "-Onone";
			};
			name = Debug;
		};
		33704D1920456BF100CAF07C /* Release */ = {
			isa = XCBuildConfiguration;
			buildSettings = {
				ALWAYS_SEARCH_USER_PATHS = NO;
				CLANG_ANALYZER_NONNULL = YES;
				CLANG_ANALYZER_NUMBER_OBJECT_CONVERSION = YES_AGGRESSIVE;
				CLANG_CXX_LANGUAGE_STANDARD = "gnu++14";
				CLANG_CXX_LIBRARY = "libc++";
				CLANG_ENABLE_MODULES = YES;
				CLANG_ENABLE_OBJC_ARC = YES;
				CLANG_WARN_BLOCK_CAPTURE_AUTORELEASING = YES;
				CLANG_WARN_BOOL_CONVERSION = YES;
				CLANG_WARN_COMMA = YES;
				CLANG_WARN_CONSTANT_CONVERSION = YES;
				CLANG_WARN_DIRECT_OBJC_ISA_USAGE = YES_ERROR;
				CLANG_WARN_DOCUMENTATION_COMMENTS = YES;
				CLANG_WARN_EMPTY_BODY = YES;
				CLANG_WARN_ENUM_CONVERSION = YES;
				CLANG_WARN_INFINITE_RECURSION = YES;
				CLANG_WARN_INT_CONVERSION = YES;
				CLANG_WARN_NON_LITERAL_NULL_CONVERSION = YES;
				CLANG_WARN_OBJC_LITERAL_CONVERSION = YES;
				CLANG_WARN_OBJC_ROOT_CLASS = YES_ERROR;
				CLANG_WARN_RANGE_LOOP_ANALYSIS = YES;
				CLANG_WARN_STRICT_PROTOTYPES = YES;
				CLANG_WARN_SUSPICIOUS_MOVE = YES;
				CLANG_WARN_UNGUARDED_AVAILABILITY = YES_AGGRESSIVE;
				CLANG_WARN_UNREACHABLE_CODE = YES;
				CLANG_WARN__DUPLICATE_METHOD_MATCH = YES;
				CODE_SIGN_IDENTITY = "iPhone Developer";
				COPY_PHASE_STRIP = NO;
				DEBUG_INFORMATION_FORMAT = "dwarf-with-dsym";
				ENABLE_NS_ASSERTIONS = NO;
				ENABLE_STRICT_OBJC_MSGSEND = YES;
				GCC_C_LANGUAGE_STANDARD = gnu11;
				GCC_NO_COMMON_BLOCKS = YES;
				GCC_WARN_64_TO_32_BIT_CONVERSION = YES;
				GCC_WARN_ABOUT_RETURN_TYPE = YES_ERROR;
				GCC_WARN_UNDECLARED_SELECTOR = YES;
				GCC_WARN_UNINITIALIZED_AUTOS = YES_AGGRESSIVE;
				GCC_WARN_UNUSED_FUNCTION = YES;
				GCC_WARN_UNUSED_VARIABLE = YES;
				IPHONEOS_DEPLOYMENT_TARGET = 11.2;
				MTL_ENABLE_DEBUG_INFO = NO;
				SDKROOT = iphoneos;
				SWIFT_OPTIMIZATION_LEVEL = "-Owholemodule";
				VALIDATE_PRODUCT = YES;
			};
			name = Release;
		};
		33704D1B20456BF100CAF07C /* Debug */ = {
			isa = XCBuildConfiguration;
			buildSettings = {
				ASSETCATALOG_COMPILER_APPICON_NAME = AppIcon;
				CODE_SIGN_STYLE = Automatic;
				INFOPLIST_FILE = StepExample/Info.plist;
				LD_RUNPATH_SEARCH_PATHS = "$(inherited) @executable_path/Frameworks";
				PRODUCT_BUNDLE_IDENTIFIER = com.n26.stepExample.StepExample;
				PRODUCT_NAME = "$(TARGET_NAME)";
				SWIFT_VERSION = 4.0;
				TARGETED_DEVICE_FAMILY = "1,2";
			};
			name = Debug;
		};
		33704D1C20456BF100CAF07C /* Release */ = {
			isa = XCBuildConfiguration;
			buildSettings = {
				ASSETCATALOG_COMPILER_APPICON_NAME = AppIcon;
				CODE_SIGN_STYLE = Automatic;
				INFOPLIST_FILE = StepExample/Info.plist;
				LD_RUNPATH_SEARCH_PATHS = "$(inherited) @executable_path/Frameworks";
				PRODUCT_BUNDLE_IDENTIFIER = com.n26.stepExample.StepExample;
				PRODUCT_NAME = "$(TARGET_NAME)";
				SWIFT_VERSION = 4.0;
				TARGETED_DEVICE_FAMILY = "1,2";
			};
			name = Release;
		};
/* End XCBuildConfiguration section */

/* Begin XCConfigurationList section */
		33704D0320456BF100CAF07C /* Build configuration list for PBXProject "StepExample" */ = {
			isa = XCConfigurationList;
			buildConfigurations = (
				33704D1820456BF100CAF07C /* Debug */,
				33704D1920456BF100CAF07C /* Release */,
			);
			defaultConfigurationIsVisible = 0;
			defaultConfigurationName = Release;
		};
		33704D1A20456BF100CAF07C /* Build configuration list for PBXNativeTarget "StepExample" */ = {
			isa = XCConfigurationList;
			buildConfigurations = (
				33704D1B20456BF100CAF07C /* Debug */,
				33704D1C20456BF100CAF07C /* Release */,
			);
			defaultConfigurationIsVisible = 0;
			defaultConfigurationName = Release;
		};
/* End XCConfigurationList section */
	};
	rootObject = 33704D0020456BF100CAF07C /* Project object */;
}
